
Microsoft Visual Studio Solution File, Format Version 12.00
# Visual Studio Version 17
VisualStudioVersion = 17.0.31903.59
MinimumVisualStudioVersion = 10.0.40219.1
Project("{2150E333-8FDC-42A3-9474-1A3956D46DE8}") = "InventoryKPISystem", "InventoryKPISystem", "{FB3FAE29-8F21-AA85-40C8-079A9494E9E1}"
EndProject
Project("{FAE04EC0-301F-11D3-BF4B-00C04F79EFBC}") = "InventoryKpiSystem.Core", "InventoryKPISystem\InventoryKpiSystem.Core\InventoryKpiSystem.Core.csproj", "{C0DD66E7-4A96-4E21-BD37-337888988F08}"
EndProject
Project("{FAE04EC0-301F-11D3-BF4B-00C04F79EFBC}") = "InventoryKpiSystem.Infrastructure", "InventoryKPISystem\InventoryKpiSystem.Infrastructure\InventoryKpiSystem.Infrastructure.csproj", "{02CB374D-F799-4512-BFE6-129B5DDFA514}"
EndProject
Project("{FAE04EC0-301F-11D3-BF4B-00C04F79EFBC}") = "InventoryKpiSystem.ConsoleApp", "InventoryKPISystem\InventoryKpiSystem.ConsoleApp\InventoryKpiSystem.ConsoleApp.csproj", "{9C522694-B97E-4DF1-A937-468E578081DC}"
EndProject
Project("{FAE04EC0-301F-11D3-BF4B-00C04F79EFBC}") = "InventoryKpiSystem.Tests", "InventoryKPISystem\InventoryKpiSystem.Tests\InventoryKpiSystem.Tests.csproj", "{A00B8AE9-2D45-4F57-A70F-4E98D214D55D}"
EndProject
Global
	GlobalSection(SolutionConfigurationPlatforms) = preSolution
		Debug|Any CPU = Debug|Any CPU
		Debug|x64 = Debug|x64
		Debug|x86 = Debug|x86
		Release|Any CPU = Release|Any CPU
		Release|x64 = Release|x64
		Release|x86 = Release|x86
	EndGlobalSection
	GlobalSection(ProjectConfigurationPlatforms) = postSolution
		{C0DD66E7-4A96-4E21-BD37-337888988F08}.Debug|Any CPU.ActiveCfg = Debug|Any CPU
		{C0DD66E7-4A96-4E21-BD37-337888988F08}.Debug|Any CPU.Build.0 = Debug|Any CPU
		{C0DD66E7-4A96-4E21-BD37-337888988F08}.Debug|x64.ActiveCfg = Debug|Any CPU
		{C0DD66E7-4A96-4E21-BD37-337888988F08}.Debug|x64.Build.0 = Debug|Any CPU
		{C0DD66E7-4A96-4E21-BD37-337888988F08}.Debug|x86.ActiveCfg = Debug|Any CPU
		{C0DD66E7-4A96-4E21-BD37-337888988F08}.Debug|x86.Build.0 = Debug|Any CPU
		{C0DD66E7-4A96-4E21-BD37-337888988F08}.Release|Any CPU.ActiveCfg = Release|Any CPU
		{C0DD66E7-4A96-4E21-BD37-337888988F08}.Release|Any CPU.Build.0 = Release|Any CPU
		{C0DD66E7-4A96-4E21-BD37-337888988F08}.Release|x64.ActiveCfg = Release|Any CPU
		{C0DD66E7-4A96-4E21-BD37-337888988F08}.Release|x64.Build.0 = Release|Any CPU
		{C0DD66E7-4A96-4E21-BD37-337888988F08}.Release|x86.ActiveCfg = Release|Any CPU
		{C0DD66E7-4A96-4E21-BD37-337888988F08}.Release|x86.Build.0 = Release|Any CPU
		{02CB374D-F799-4512-BFE6-129B5DDFA514}.Debug|Any CPU.ActiveCfg = Debug|Any CPU
		{02CB374D-F799-4512-BFE6-129B5DDFA514}.Debug|Any CPU.Build.0 = Debug|Any CPU
		{02CB374D-F799-4512-BFE6-129B5DDFA514}.Debug|x64.ActiveCfg = Debug|Any CPU
		{02CB374D-F799-4512-BFE6-129B5DDFA514}.Debug|x64.Build.0 = Debug|Any CPU
		{02CB374D-F799-4512-BFE6-129B5DDFA514}.Debug|x86.ActiveCfg = Debug|Any CPU
		{02CB374D-F799-4512-BFE6-129B5DDFA514}.Debug|x86.Build.0 = Debug|Any CPU
		{02CB374D-F799-4512-BFE6-129B5DDFA514}.Release|Any CPU.ActiveCfg = Release|Any CPU
		{02CB374D-F799-4512-BFE6-129B5DDFA514}.Release|Any CPU.Build.0 = Release|Any CPU
		{02CB374D-F799-4512-BFE6-129B5DDFA514}.Release|x64.ActiveCfg = Release|Any CPU
		{02CB374D-F799-4512-BFE6-129B5DDFA514}.Release|x64.Build.0 = Release|Any CPU
		{02CB374D-F799-4512-BFE6-129B5DDFA514}.Release|x86.ActiveCfg = Release|Any CPU
		{02CB374D-F799-4512-BFE6-129B5DDFA514}.Release|x86.Build.0 = Release|Any CPU
		{9C522694-B97E-4DF1-A937-468E578081DC}.Debug|Any CPU.ActiveCfg = Debug|Any CPU
		{9C522694-B97E-4DF1-A937-468E578081DC}.Debug|Any CPU.Build.0 = Debug|Any CPU
		{9C522694-B97E-4DF1-A937-468E578081DC}.Debug|x64.ActiveCfg = Debug|Any CPU
		{9C522694-B97E-4DF1-A937-468E578081DC}.Debug|x64.Build.0 = Debug|Any CPU
		{9C522694-B97E-4DF1-A937-468E578081DC}.Debug|x86.ActiveCfg = Debug|Any CPU
		{9C522694-B97E-4DF1-A937-468E578081DC}.Debug|x86.Build.0 = Debug|Any CPU
		{9C522694-B97E-4DF1-A937-468E578081DC}.Release|Any CPU.ActiveCfg = Release|Any CPU
		{9C522694-B97E-4DF1-A937-468E578081DC}.Release|Any CPU.Build.0 = Release|Any CPU
		{9C522694-B97E-4DF1-A937-468E578081DC}.Release|x64.ActiveCfg = Release|Any CPU
		{9C522694-B97E-4DF1-A937-468E578081DC}.Release|x64.Build.0 = Release|Any CPU
		{9C522694-B97E-4DF1-A937-468E578081DC}.Release|x86.ActiveCfg = Release|Any CPU
		{9C522694-B97E-4DF1-A937-468E578081DC}.Release|x86.Build.0 = Release|Any CPU
		{A00B8AE9-2D45-4F57-A70F-4E98D214D55D}.Debug|Any CPU.ActiveCfg = Debug|Any CPU
		{A00B8AE9-2D45-4F57-A70F-4E98D214D55D}.Debug|Any CPU.Build.0 = Debug|Any CPU
		{A00B8AE9-2D45-4F57-A70F-4E98D214D55D}.Debug|x64.ActiveCfg = Debug|Any CPU
		{A00B8AE9-2D45-4F57-A70F-4E98D214D55D}.Debug|x64.Build.0 = Debug|Any CPU
		{A00B8AE9-2D45-4F57-A70F-4E98D214D55D}.Debug|x86.ActiveCfg = Debug|Any CPU
		{A00B8AE9-2D45-4F57-A70F-4E98D214D55D}.Debug|x86.Build.0 = Debug|Any CPU
		{A00B8AE9-2D45-4F57-A70F-4E98D214D55D}.Release|Any CPU.ActiveCfg = Release|Any CPU
		{A00B8AE9-2D45-4F57-A70F-4E98D214D55D}.Release|Any CPU.Build.0 = Release|Any CPU
		{A00B8AE9-2D45-4F57-A70F-4E98D214D55D}.Release|x64.ActiveCfg = Release|Any CPU
		{A00B8AE9-2D45-4F57-A70F-4E98D214D55D}.Release|x64.Build.0 = Release|Any CPU
		{A00B8AE9-2D45-4F57-A70F-4E98D214D55D}.Release|x86.ActiveCfg = Release|Any CPU
		{A00B8AE9-2D45-4F57-A70F-4E98D214D55D}.Release|x86.Build.0 = Release|Any CPU
	EndGlobalSection
	GlobalSection(SolutionProperties) = preSolution
		HideSolutionNode = FALSE
	EndGlobalSection
	GlobalSection(NestedProjects) = preSolution
		{C0DD66E7-4A96-4E21-BD37-337888988F08} = {FB3FAE29-8F21-AA85-40C8-079A9494E9E1}
		{02CB374D-F799-4512-BFE6-129B5DDFA514} = {FB3FAE29-8F21-AA85-40C8-079A9494E9E1}
		{9C522694-B97E-4DF1-A937-468E578081DC} = {FB3FAE29-8F21-AA85-40C8-079A9494E9E1}
		{A00B8AE9-2D45-4F57-A70F-4E98D214D55D} = {FB3FAE29-8F21-AA85-40C8-079A9494E9E1}
	EndGlobalSection
EndGlobal
